
Microsoft Visual Studio Solution File, Format Version 12.00
# Visual Studio Version 16
VisualStudioVersion = 16.0.30002.166
MinimumVisualStudioVersion = 10.0.40219.1
Project("{2150E333-8FDC-42A3-9474-1A3956D46DE8}") = "Baidu.AI.Ocr", "Baidu.AI.Ocr", "{A98DCAB6-3B56-4FA2-9373-A69A3905D23D}"
EndProject
Project("{9A19103F-16F7-4668-BE54-9A1E7A4F7556}") = "Baidu.AI.Ocr", "Baidu.AI.Ocr\Baidu.AI.Ocr\Baidu.AI.Ocr.csproj", "{6770D96B-937D-4273-A293-A7D6E87CF6CE}"
EndProject
Project("{9A19103F-16F7-4668-BE54-9A1E7A4F7556}") = "Baidu.AI.Ocr.Activities", "Baidu.AI.Ocr\Baidu.AI.Ocr.Activities\Baidu.AI.Ocr.Activities.csproj", "{91D93BE2-F723-4B46-B345-FC1B2902960C}"
EndProject
Project("{9A19103F-16F7-4668-BE54-9A1E7A4F7556}") = "Baidu.AI.Ocr.Activities.Design", "Baidu.AI.Ocr\Baidu.AI.Ocr.Activities.Design\Baidu.AI.Ocr.Activities.Design.csproj", "{5A173155-C319-4B4A-89AE-515A311A881B}"
EndProject
Global
	GlobalSection(SolutionConfigurationPlatforms) = preSolution
		Debug|Any CPU = Debug|Any CPU
		Release|Any CPU = Release|Any CPU
	EndGlobalSection
	GlobalSection(ProjectConfigurationPlatforms) = postSolution
		{6770D96B-937D-4273-A293-A7D6E87CF6CE}.Debug|Any CPU.ActiveCfg = Debug|Any CPU
		{6770D96B-937D-4273-A293-A7D6E87CF6CE}.Debug|Any CPU.Build.0 = Debug|Any CPU
		{6770D96B-937D-4273-A293-A7D6E87CF6CE}.Release|Any CPU.ActiveCfg = Release|Any CPU
		{6770D96B-937D-4273-A293-A7D6E87CF6CE}.Release|Any CPU.Build.0 = Release|Any CPU
		{91D93BE2-F723-4B46-B345-FC1B2902960C}.Debug|Any CPU.ActiveCfg = Debug|Any CPU
		{91D93BE2-F723-4B46-B345-FC1B2902960C}.Debug|Any CPU.Build.0 = Debug|Any CPU
		{91D93BE2-F723-4B46-B345-FC1B2902960C}.Release|Any CPU.ActiveCfg = Release|Any CPU
		{91D93BE2-F723-4B46-B345-FC1B2902960C}.Release|Any CPU.Build.0 = Release|Any CPU
		{5A173155-C319-4B4A-89AE-515A311A881B}.Debug|Any CPU.ActiveCfg = Debug|Any CPU
		{5A173155-C319-4B4A-89AE-515A311A881B}.Debug|Any CPU.Build.0 = Debug|Any CPU
		{5A173155-C319-4B4A-89AE-515A311A881B}.Release|Any CPU.ActiveCfg = Release|Any CPU
		{5A173155-C319-4B4A-89AE-515A311A881B}.Release|Any CPU.Build.0 = Release|Any CPU
	EndGlobalSection
	GlobalSection(SolutionProperties) = preSolution
		HideSolutionNode = FALSE
	EndGlobalSection
	GlobalSection(NestedProjects) = preSolution
		{6770D96B-937D-4273-A293-A7D6E87CF6CE} = {A98DCAB6-3B56-4FA2-9373-A69A3905D23D}
		{91D93BE2-F723-4B46-B345-FC1B2902960C} = {A98DCAB6-3B56-4FA2-9373-A69A3905D23D}
		{5A173155-C319-4B4A-89AE-515A311A881B} = {A98DCAB6-3B56-4FA2-9373-A69A3905D23D}
	EndGlobalSection
	GlobalSection(ExtensibilityGlobals) = postSolution
		SolutionGuid = {427A9EA7-E2D6-4E3F-8065-7FEA5E20856D}
	EndGlobalSection
EndGlobal
